
Microsoft Visual Studio Solution File, Format Version 12.00
# Visual Studio 2013
VisualStudioVersion = 12.0.21005.1
MinimumVisualStudioVersion = 10.0.40219.1
Project("{FAE04EC0-301F-11D3-BF4B-00C04F79EFBC}") = "WEB", "WEB\WEB.csproj", "{A05B92AB-56E0-4EFE-B1EE-7C0524B7B6AF}"
EndProject
Project("{FAE04EC0-301F-11D3-BF4B-00C04F79EFBC}") = "CapaDatos", "CapaDatos\CapaDatos.csproj", "{6F3DB4FF-6040-4215-A3D7-985C0C2D0212}"
EndProject
Project("{FAE04EC0-301F-11D3-BF4B-00C04F79EFBC}") = "Api", "Api\Api.csproj", "{892D8B97-A45A-492E-90D4-BCE77622F839}"
EndProject
Project("{2150E333-8FDC-42A3-9474-1A3956D46DE8}") = "ScriptSQL", "ScriptSQL", "{C8A334EA-0B46-4341-862F-F25D9BF50B51}"
	ProjectSection(SolutionItems) = preProject
		..\..\..\script.sql = ..\..\..\script.sql
	EndProjectSection
EndProject
Global
	GlobalSection(SolutionConfigurationPlatforms) = preSolution
		Debug|Any CPU = Debug|Any CPU
		Release|Any CPU = Release|Any CPU
	EndGlobalSection
	GlobalSection(ProjectConfigurationPlatforms) = postSolution
		{A05B92AB-56E0-4EFE-B1EE-7C0524B7B6AF}.Debug|Any CPU.ActiveCfg = Debug|Any CPU
		{A05B92AB-56E0-4EFE-B1EE-7C0524B7B6AF}.Debug|Any CPU.Build.0 = Debug|Any CPU
		{A05B92AB-56E0-4EFE-B1EE-7C0524B7B6AF}.Release|Any CPU.ActiveCfg = Release|Any CPU
		{A05B92AB-56E0-4EFE-B1EE-7C0524B7B6AF}.Release|Any CPU.Build.0 = Release|Any CPU
		{6F3DB4FF-6040-4215-A3D7-985C0C2D0212}.Debug|Any CPU.ActiveCfg = Debug|Any CPU
		{6F3DB4FF-6040-4215-A3D7-985C0C2D0212}.Debug|Any CPU.Build.0 = Debug|Any CPU
		{6F3DB4FF-6040-4215-A3D7-985C0C2D0212}.Release|Any CPU.ActiveCfg = Release|Any CPU
		{6F3DB4FF-6040-4215-A3D7-985C0C2D0212}.Release|Any CPU.Build.0 = Release|Any CPU
		{892D8B97-A45A-492E-90D4-BCE77622F839}.Debug|Any CPU.ActiveCfg = Debug|Any CPU
		{892D8B97-A45A-492E-90D4-BCE77622F839}.Debug|Any CPU.Build.0 = Debug|Any CPU
		{892D8B97-A45A-492E-90D4-BCE77622F839}.Release|Any CPU.ActiveCfg = Release|Any CPU
		{892D8B97-A45A-492E-90D4-BCE77622F839}.Release|Any CPU.Build.0 = Release|Any CPU
	EndGlobalSection
	GlobalSection(SolutionProperties) = preSolution
		HideSolutionNode = FALSE
	EndGlobalSection
EndGlobal
